
Microsoft Visual Studio Solution File, Format Version 12.00
# Visual Studio Version 17
VisualStudioVersion = 17.8.34322.80
MinimumVisualStudioVersion = 10.0.40219.1
Project("{FAE04EC0-301F-11D3-BF4B-00C04F79EFBC}") = "Algoritma_ornek_2", "Algoritma_ornek_2\Algoritma_ornek_2.csproj", "{4325F972-486C-4614-8808-D3ECE55A71F3}"
EndProject
Global
	GlobalSection(SolutionConfigurationPlatforms) = preSolution
		Debug|Any CPU = Debug|Any CPU
		Release|Any CPU = Release|Any CPU
	EndGlobalSection
	GlobalSection(ProjectConfigurationPlatforms) = postSolution
		{4325F972-486C-4614-8808-D3ECE55A71F3}.Debug|Any CPU.ActiveCfg = Debug|Any CPU
		{4325F972-486C-4614-8808-D3ECE55A71F3}.Debug|Any CPU.Build.0 = Debug|Any CPU
		{4325F972-486C-4614-8808-D3ECE55A71F3}.Release|Any CPU.ActiveCfg = Release|Any CPU
		{4325F972-486C-4614-8808-D3ECE55A71F3}.Release|Any CPU.Build.0 = Release|Any CPU
	EndGlobalSection
	GlobalSection(SolutionProperties) = preSolution
		HideSolutionNode = FALSE
	EndGlobalSection
	GlobalSection(ExtensibilityGlobals) = postSolution
		SolutionGuid = {38837C48-6F3E-484A-A298-D2CA67004299}
	EndGlobalSection
EndGlobal
